
Microsoft Visual Studio Solution File, Format Version 12.00
# Visual Studio Version 17
VisualStudioVersion = 17.5.33516.290
MinimumVisualStudioVersion = 10.0.40219.1
Project("{FAE04EC0-301F-11D3-BF4B-00C04F79EFBC}") = "puntoDeVenta", "puntoDeVenta\puntoDeVenta.csproj", "{595A8D62-EDAC-4772-99C8-9DC56595150A}"
EndProject
Project("{FAE04EC0-301F-11D3-BF4B-00C04F79EFBC}") = "puntoDeVenta.Test", "puntoDeVenta.Test\puntoDeVenta.Test.csproj", "{3D4C7914-4792-4D83-B917-910EF6AD0C6B}"
EndProject
Global
	GlobalSection(SolutionConfigurationPlatforms) = preSolution
		Debug|Any CPU = Debug|Any CPU
		Release|Any CPU = Release|Any CPU
	EndGlobalSection
	GlobalSection(ProjectConfigurationPlatforms) = postSolution
		{595A8D62-EDAC-4772-99C8-9DC56595150A}.Debug|Any CPU.ActiveCfg = Debug|Any CPU
		{595A8D62-EDAC-4772-99C8-9DC56595150A}.Debug|Any CPU.Build.0 = Debug|Any CPU
		{595A8D62-EDAC-4772-99C8-9DC56595150A}.Release|Any CPU.ActiveCfg = Release|Any CPU
		{595A8D62-EDAC-4772-99C8-9DC56595150A}.Release|Any CPU.Build.0 = Release|Any CPU
		{3D4C7914-4792-4D83-B917-910EF6AD0C6B}.Debug|Any CPU.ActiveCfg = Debug|Any CPU
		{3D4C7914-4792-4D83-B917-910EF6AD0C6B}.Debug|Any CPU.Build.0 = Debug|Any CPU
		{3D4C7914-4792-4D83-B917-910EF6AD0C6B}.Release|Any CPU.ActiveCfg = Release|Any CPU
		{3D4C7914-4792-4D83-B917-910EF6AD0C6B}.Release|Any CPU.Build.0 = Release|Any CPU
	EndGlobalSection
	GlobalSection(SolutionProperties) = preSolution
		HideSolutionNode = FALSE
	EndGlobalSection
	GlobalSection(ExtensibilityGlobals) = postSolution
		SolutionGuid = {28DAA7A9-0EF5-4181-8CEA-D6B861D1058A}
	EndGlobalSection
EndGlobal
